// !$*UTF8*$!
{
	archiveVersion = 1;
	classes = {
	};
	objectVersion = 50;
	objects = {

/* Begin PBXBuildFile section */
		E2048F8721EF22FB004A0E95 /* UIColourPickerButton.swift in Sources */ = {isa = PBXBuildFile; fileRef = E2048F8621EF22FB004A0E95 /* UIColourPickerButton.swift */; };
		E2048F8921EF269B004A0E95 /* UIColourPickerButtonDelegate.swift in Sources */ = {isa = PBXBuildFile; fileRef = E2048F8821EF269B004A0E95 /* UIColourPickerButtonDelegate.swift */; };
		E20F0AC221A4B9BF00869B37 /* GoalData.swift in Sources */ = {isa = PBXBuildFile; fileRef = E20F0AC121A4B9BE00869B37 /* GoalData.swift */; };
		E20F0AC421A4C3D100869B37 /* MainTableViewCell.swift in Sources */ = {isa = PBXBuildFile; fileRef = E20F0AC321A4C3D100869B37 /* MainTableViewCell.swift */; };
		E2158D0D21EDCD21008F23DE /* UIWeekdayButton.swift in Sources */ = {isa = PBXBuildFile; fileRef = E2158D0C21EDCD21008F23DE /* UIWeekdayButton.swift */; };
		E2158D0F21EDCD61008F23DE /* WeekdayData.swift in Sources */ = {isa = PBXBuildFile; fileRef = E2158D0E21EDCD61008F23DE /* WeekdayData.swift */; };
		E2158D1221EE91E4008F23DE /* UIWeekdayButtonDelegate.swift in Sources */ = {isa = PBXBuildFile; fileRef = E2158D1121EE91E4008F23DE /* UIWeekdayButtonDelegate.swift */; };
		E239350221E4A59400B3AD2D /* DefaultOverContextModal.swift in Sources */ = {isa = PBXBuildFile; fileRef = E239350121E4A59400B3AD2D /* DefaultOverContextModal.swift */; };
		E239350521E4B42E00B3AD2D /* UIViewRoundedBorder.swift in Sources */ = {isa = PBXBuildFile; fileRef = E239350421E4B42E00B3AD2D /* UIViewRoundedBorder.swift */; };
		E239350721E4B59100B3AD2D /* LayerDefaults.swift in Sources */ = {isa = PBXBuildFile; fileRef = E239350621E4B59100B3AD2D /* LayerDefaults.swift */; };
		E239350921E4B9C700B3AD2D /* TextButton.swift in Sources */ = {isa = PBXBuildFile; fileRef = E239350821E4B9C700B3AD2D /* TextButton.swift */; };
		E274C52421DE2008007AB9D3 /* GoalViewDatePickerViewController.swift in Sources */ = {isa = PBXBuildFile; fileRef = E274C52321DE2008007AB9D3 /* GoalViewDatePickerViewController.swift */; };
		E28F935121EAEE9200FC87BC /* UITimeCollectionView.swift in Sources */ = {isa = PBXBuildFile; fileRef = E28F935021EAEE9200FC87BC /* UITimeCollectionView.swift */; };
		E28F935321EAEF6A00FC87BC /* UITimeCollectionViewCell.swift in Sources */ = {isa = PBXBuildFile; fileRef = E28F935221EAEF6A00FC87BC /* UITimeCollectionViewCell.swift */; };
		E28F935521EAF28D00FC87BC /* UIDayPickerDelegate.swift in Sources */ = {isa = PBXBuildFile; fileRef = E28F935421EAF28D00FC87BC /* UIDayPickerDelegate.swift */; };
		E28F935721EAF2B700FC87BC /* UIDayPicker.swift in Sources */ = {isa = PBXBuildFile; fileRef = E28F935621EAF2B700FC87BC /* UIDayPicker.swift */; };
		E29889E021E8714F001D8B69 /* UITimePickerView.swift in Sources */ = {isa = PBXBuildFile; fileRef = E29889DF21E8714F001D8B69 /* UITimePickerView.swift */; };
		E2B503A021CE3E6A002DE8D4 /* MainViewController.swift in Sources */ = {isa = PBXBuildFile; fileRef = E2B5039F21CE3E6A002DE8D4 /* MainViewController.swift */; };
		E2D667BF21D861DA007CF73F /* TextEntryField.swift in Sources */ = {isa = PBXBuildFile; fileRef = E2D667BE21D861DA007CF73F /* TextEntryField.swift */; };
		E2DE7EFB21DCCBDF00ED7B37 /* UIColourPickerDelegate.swift in Sources */ = {isa = PBXBuildFile; fileRef = E2DE7EFA21DCCBDF00ED7B37 /* UIColourPickerDelegate.swift */; };
		E2DE7EFE21DCCFB800ED7B37 /* AnimationConstants.swift in Sources */ = {isa = PBXBuildFile; fileRef = E2DE7EFD21DCCFB800ED7B37 /* AnimationConstants.swift */; };
		E2DE7F0121DCDCA900ED7B37 /* AboutViewController.swift in Sources */ = {isa = PBXBuildFile; fileRef = E2DE7F0021DCDCA900ED7B37 /* AboutViewController.swift */; };
		E2DE7F0321DCDCDD00ED7B37 /* DefaultModalViewController.swift in Sources */ = {isa = PBXBuildFile; fileRef = E2DE7F0221DCDCDD00ED7B37 /* DefaultModalViewController.swift */; };
		E2E0A65421D6292A00D61741 /* ThemeColours.swift in Sources */ = {isa = PBXBuildFile; fileRef = E2E0A65321D6292A00D61741 /* ThemeColours.swift */; };
		E2F0CE6D21D5DEF60033EA05 /* Credits in Resources */ = {isa = PBXBuildFile; fileRef = E2F0CE6C21D5DEF60033EA05 /* Credits */; };
		E2F36789217730AC00DAC0CE /* AppDelegate.swift in Sources */ = {isa = PBXBuildFile; fileRef = E2F36788217730AC00DAC0CE /* AppDelegate.swift */; };
		E2F3678B217730AC00DAC0CE /* GoalViewController.swift in Sources */ = {isa = PBXBuildFile; fileRef = E2F3678A217730AC00DAC0CE /* GoalViewController.swift */; };
		E2F3678E217730AC00DAC0CE /* Main.storyboard in Resources */ = {isa = PBXBuildFile; fileRef = E2F3678C217730AC00DAC0CE /* Main.storyboard */; };
		E2F36790217730AD00DAC0CE /* Assets.xcassets in Resources */ = {isa = PBXBuildFile; fileRef = E2F3678F217730AD00DAC0CE /* Assets.xcassets */; };
		E2F36793217730AD00DAC0CE /* LaunchScreen.storyboard in Resources */ = {isa = PBXBuildFile; fileRef = E2F36791217730AD00DAC0CE /* LaunchScreen.storyboard */; };
		E2F3679E217730AD00DAC0CE /* progressTests.swift in Sources */ = {isa = PBXBuildFile; fileRef = E2F3679D217730AD00DAC0CE /* progressTests.swift */; };
		E2F367A9217730AD00DAC0CE /* progressUITests.swift in Sources */ = {isa = PBXBuildFile; fileRef = E2F367A8217730AD00DAC0CE /* progressUITests.swift */; };
		E2FA55A021D634D600D2E1BD /* UIColourPicker.swift in Sources */ = {isa = PBXBuildFile; fileRef = E2FA559F21D634D600D2E1BD /* UIColourPicker.swift */; };
/* End PBXBuildFile section */

/* Begin PBXContainerItemProxy section */
		E2F3679A217730AD00DAC0CE /* PBXContainerItemProxy */ = {
			isa = PBXContainerItemProxy;
			containerPortal = E2F3677D217730AC00DAC0CE /* Project object */;
			proxyType = 1;
			remoteGlobalIDString = E2F36784217730AC00DAC0CE;
			remoteInfo = progress;
		};
		E2F367A5217730AD00DAC0CE /* PBXContainerItemProxy */ = {
			isa = PBXContainerItemProxy;
			containerPortal = E2F3677D217730AC00DAC0CE /* Project object */;
			proxyType = 1;
			remoteGlobalIDString = E2F36784217730AC00DAC0CE;
			remoteInfo = progress;
		};
/* End PBXContainerItemProxy section */

/* Begin PBXFileReference section */
		E2048F8621EF22FB004A0E95 /* UIColourPickerButton.swift */ = {isa = PBXFileReference; lastKnownFileType = sourcecode.swift; path = UIColourPickerButton.swift; sourceTree = "<group>"; };
		E2048F8821EF269B004A0E95 /* UIColourPickerButtonDelegate.swift */ = {isa = PBXFileReference; lastKnownFileType = sourcecode.swift; path = UIColourPickerButtonDelegate.swift; sourceTree = "<group>"; };
		E20F0AC121A4B9BE00869B37 /* GoalData.swift */ = {isa = PBXFileReference; lastKnownFileType = sourcecode.swift; path = GoalData.swift; sourceTree = "<group>"; };
		E20F0AC321A4C3D100869B37 /* MainTableViewCell.swift */ = {isa = PBXFileReference; lastKnownFileType = sourcecode.swift; path = MainTableViewCell.swift; sourceTree = "<group>"; };
		E2158D0C21EDCD21008F23DE /* UIWeekdayButton.swift */ = {isa = PBXFileReference; lastKnownFileType = sourcecode.swift; name = UIWeekdayButton.swift; path = progress/Components/DayPicker/UIWeekdayButton.swift; sourceTree = SOURCE_ROOT; };
		E2158D0E21EDCD61008F23DE /* WeekdayData.swift */ = {isa = PBXFileReference; fileEncoding = 4; lastKnownFileType = sourcecode.swift; name = WeekdayData.swift; path = progress/Components/DayPicker/WeekdayData.swift; sourceTree = SOURCE_ROOT; };
		E2158D1121EE91E4008F23DE /* UIWeekdayButtonDelegate.swift */ = {isa = PBXFileReference; lastKnownFileType = sourcecode.swift; name = UIWeekdayButtonDelegate.swift; path = progress/Components/DayPicker/UIWeekdayButtonDelegate.swift; sourceTree = SOURCE_ROOT; };
		E239350121E4A59400B3AD2D /* DefaultOverContextModal.swift */ = {isa = PBXFileReference; lastKnownFileType = sourcecode.swift; path = DefaultOverContextModal.swift; sourceTree = "<group>"; };
		E239350421E4B42E00B3AD2D /* UIViewRoundedBorder.swift */ = {isa = PBXFileReference; lastKnownFileType = sourcecode.swift; path = UIViewRoundedBorder.swift; sourceTree = "<group>"; };
		E239350621E4B59100B3AD2D /* LayerDefaults.swift */ = {isa = PBXFileReference; lastKnownFileType = sourcecode.swift; path = LayerDefaults.swift; sourceTree = "<group>"; };
		E239350821E4B9C700B3AD2D /* TextButton.swift */ = {isa = PBXFileReference; lastKnownFileType = sourcecode.swift; path = TextButton.swift; sourceTree = "<group>"; };
		E274C52321DE2008007AB9D3 /* GoalViewDatePickerViewController.swift */ = {isa = PBXFileReference; lastKnownFileType = sourcecode.swift; path = GoalViewDatePickerViewController.swift; sourceTree = "<group>"; };
		E28F935021EAEE9200FC87BC /* UITimeCollectionView.swift */ = {isa = PBXFileReference; lastKnownFileType = sourcecode.swift; path = UITimeCollectionView.swift; sourceTree = "<group>"; };
		E28F935221EAEF6A00FC87BC /* UITimeCollectionViewCell.swift */ = {isa = PBXFileReference; lastKnownFileType = sourcecode.swift; path = UITimeCollectionViewCell.swift; sourceTree = "<group>"; };
		E28F935421EAF28D00FC87BC /* UIDayPickerDelegate.swift */ = {isa = PBXFileReference; lastKnownFileType = sourcecode.swift; name = UIDayPickerDelegate.swift; path = progress/Components/DayPicker/UIDayPickerDelegate.swift; sourceTree = SOURCE_ROOT; };
		E28F935621EAF2B700FC87BC /* UIDayPicker.swift */ = {isa = PBXFileReference; fileEncoding = 4; lastKnownFileType = sourcecode.swift; name = UIDayPicker.swift; path = progress/Components/DayPicker/UIDayPicker.swift; sourceTree = SOURCE_ROOT; };
		E29889DF21E8714F001D8B69 /* UITimePickerView.swift */ = {isa = PBXFileReference; lastKnownFileType = sourcecode.swift; path = UITimePickerView.swift; sourceTree = "<group>"; };
		E2B5039F21CE3E6A002DE8D4 /* MainViewController.swift */ = {isa = PBXFileReference; lastKnownFileType = sourcecode.swift; path = MainViewController.swift; sourceTree = "<group>"; };
		E2D667BE21D861DA007CF73F /* TextEntryField.swift */ = {isa = PBXFileReference; lastKnownFileType = sourcecode.swift; path = TextEntryField.swift; sourceTree = "<group>"; };
		E2DE7EFA21DCCBDF00ED7B37 /* UIColourPickerDelegate.swift */ = {isa = PBXFileReference; lastKnownFileType = sourcecode.swift; path = UIColourPickerDelegate.swift; sourceTree = "<group>"; };
		E2DE7EFD21DCCFB800ED7B37 /* AnimationConstants.swift */ = {isa = PBXFileReference; lastKnownFileType = sourcecode.swift; path = AnimationConstants.swift; sourceTree = "<group>"; };
		E2DE7F0021DCDCA900ED7B37 /* AboutViewController.swift */ = {isa = PBXFileReference; lastKnownFileType = sourcecode.swift; path = AboutViewController.swift; sourceTree = "<group>"; };
		E2DE7F0221DCDCDD00ED7B37 /* DefaultModalViewController.swift */ = {isa = PBXFileReference; lastKnownFileType = sourcecode.swift; path = DefaultModalViewController.swift; sourceTree = "<group>"; };
		E2E0A65321D6292A00D61741 /* ThemeColours.swift */ = {isa = PBXFileReference; lastKnownFileType = sourcecode.swift; path = ThemeColours.swift; sourceTree = "<group>"; };
		E2F0CE6C21D5DEF60033EA05 /* Credits */ = {isa = PBXFileReference; lastKnownFileType = text; path = Credits; sourceTree = "<group>"; };
		E2F36785217730AC00DAC0CE /* progress.app */ = {isa = PBXFileReference; explicitFileType = wrapper.application; includeInIndex = 0; path = progress.app; sourceTree = BUILT_PRODUCTS_DIR; };
		E2F36788217730AC00DAC0CE /* AppDelegate.swift */ = {isa = PBXFileReference; lastKnownFileType = sourcecode.swift; path = AppDelegate.swift; sourceTree = "<group>"; };
		E2F3678A217730AC00DAC0CE /* GoalViewController.swift */ = {isa = PBXFileReference; lastKnownFileType = sourcecode.swift; path = GoalViewController.swift; sourceTree = "<group>"; };
		E2F3678D217730AC00DAC0CE /* Base */ = {isa = PBXFileReference; lastKnownFileType = file.storyboard; name = Base; path = Base.lproj/Main.storyboard; sourceTree = "<group>"; };
		E2F3678F217730AD00DAC0CE /* Assets.xcassets */ = {isa = PBXFileReference; lastKnownFileType = folder.assetcatalog; path = Assets.xcassets; sourceTree = "<group>"; };
		E2F36792217730AD00DAC0CE /* Base */ = {isa = PBXFileReference; lastKnownFileType = file.storyboard; name = Base; path = Base.lproj/LaunchScreen.storyboard; sourceTree = "<group>"; };
		E2F36794217730AD00DAC0CE /* Info.plist */ = {isa = PBXFileReference; lastKnownFileType = text.plist.xml; path = Info.plist; sourceTree = "<group>"; };
		E2F36799217730AD00DAC0CE /* progressTests.xctest */ = {isa = PBXFileReference; explicitFileType = wrapper.cfbundle; includeInIndex = 0; path = progressTests.xctest; sourceTree = BUILT_PRODUCTS_DIR; };
		E2F3679D217730AD00DAC0CE /* progressTests.swift */ = {isa = PBXFileReference; lastKnownFileType = sourcecode.swift; path = progressTests.swift; sourceTree = "<group>"; };
		E2F3679F217730AD00DAC0CE /* Info.plist */ = {isa = PBXFileReference; lastKnownFileType = text.plist.xml; path = Info.plist; sourceTree = "<group>"; };
		E2F367A4217730AD00DAC0CE /* progressUITests.xctest */ = {isa = PBXFileReference; explicitFileType = wrapper.cfbundle; includeInIndex = 0; path = progressUITests.xctest; sourceTree = BUILT_PRODUCTS_DIR; };
		E2F367A8217730AD00DAC0CE /* progressUITests.swift */ = {isa = PBXFileReference; lastKnownFileType = sourcecode.swift; path = progressUITests.swift; sourceTree = "<group>"; };
		E2F367AA217730AD00DAC0CE /* Info.plist */ = {isa = PBXFileReference; lastKnownFileType = text.plist.xml; path = Info.plist; sourceTree = "<group>"; };
		E2FA559F21D634D600D2E1BD /* UIColourPicker.swift */ = {isa = PBXFileReference; lastKnownFileType = sourcecode.swift; path = UIColourPicker.swift; sourceTree = "<group>"; };
/* End PBXFileReference section */

/* Begin PBXFrameworksBuildPhase section */
		E2F36782217730AC00DAC0CE /* Frameworks */ = {
			isa = PBXFrameworksBuildPhase;
			buildActionMask = 2147483647;
			files = (
			);
			runOnlyForDeploymentPostprocessing = 0;
		};
		E2F36796217730AD00DAC0CE /* Frameworks */ = {
			isa = PBXFrameworksBuildPhase;
			buildActionMask = 2147483647;
			files = (
			);
			runOnlyForDeploymentPostprocessing = 0;
		};
		E2F367A1217730AD00DAC0CE /* Frameworks */ = {
			isa = PBXFrameworksBuildPhase;
			buildActionMask = 2147483647;
			files = (
			);
			runOnlyForDeploymentPostprocessing = 0;
		};
/* End PBXFrameworksBuildPhase section */

/* Begin PBXGroup section */
		E239350321E4B3F000B3AD2D /* Extensions */ = {
			isa = PBXGroup;
			children = (
				E239350421E4B42E00B3AD2D /* UIViewRoundedBorder.swift */,
			);
			path = Extensions;
			sourceTree = "<group>";
		};
		E2517DEC21E75FD10020E961 /* DayPicker */ = {
			isa = PBXGroup;
			children = (
				E2158D0E21EDCD61008F23DE /* WeekdayData.swift */,
				E28F935621EAF2B700FC87BC /* UIDayPicker.swift */,
				E28F935421EAF28D00FC87BC /* UIDayPickerDelegate.swift */,
				E2158D0C21EDCD21008F23DE /* UIWeekdayButton.swift */,
				E2158D1121EE91E4008F23DE /* UIWeekdayButtonDelegate.swift */,
			);
			name = DayPicker;
			path = "New Group";
			sourceTree = "<group>";
		};
		E274C52221DE1FF1007AB9D3 /* SubViews */ = {
			isa = PBXGroup;
			children = (
				E274C52321DE2008007AB9D3 /* GoalViewDatePickerViewController.swift */,
			);
			path = SubViews;
			sourceTree = "<group>";
		};
		E2760C0D21DC23D5001F0D79 /* Views */ = {
			isa = PBXGroup;
			children = (
				E2DE7EFF21DCDC9200ED7B37 /* About */,
				E2760C1221DC246B001F0D79 /* GoalCreationScreen */,
				E2760C1121DC2452001F0D79 /* MainScreen */,
				E2DE7F0221DCDCDD00ED7B37 /* DefaultModalViewController.swift */,
				E239350121E4A59400B3AD2D /* DefaultOverContextModal.swift */,
			);
			path = Views;
			sourceTree = "<group>";
		};
		E2760C0E21DC23DD001F0D79 /* Components */ = {
			isa = PBXGroup;
			children = (
				E29889DE21E87131001D8B69 /* TimePicker */,
				E2517DEC21E75FD10020E961 /* DayPicker */,
				E2DE7EFC21DCCC2600ED7B37 /* ColourPicker */,
				E2D667BE21D861DA007CF73F /* TextEntryField.swift */,
				E239350821E4B9C700B3AD2D /* TextButton.swift */,
			);
			path = Components;
			sourceTree = "<group>";
		};
		E2760C0F21DC240A001F0D79 /* Storyboards */ = {
			isa = PBXGroup;
			children = (
				E2F3678C217730AC00DAC0CE /* Main.storyboard */,
				E2F36791217730AD00DAC0CE /* LaunchScreen.storyboard */,
			);
			path = Storyboards;
			sourceTree = "<group>";
		};
		E2760C1021DC2420001F0D79 /* Data */ = {
			isa = PBXGroup;
			children = (
				E20F0AC121A4B9BE00869B37 /* GoalData.swift */,
			);
			path = Data;
			sourceTree = "<group>";
		};
		E2760C1121DC2452001F0D79 /* MainScreen */ = {
			isa = PBXGroup;
			children = (
				E2B5039F21CE3E6A002DE8D4 /* MainViewController.swift */,
				E20F0AC321A4C3D100869B37 /* MainTableViewCell.swift */,
			);
			path = MainScreen;
			sourceTree = "<group>";
		};
		E2760C1221DC246B001F0D79 /* GoalCreationScreen */ = {
			isa = PBXGroup;
			children = (
				E274C52221DE1FF1007AB9D3 /* SubViews */,
				E2F3678A217730AC00DAC0CE /* GoalViewController.swift */,
			);
			path = GoalCreationScreen;
			sourceTree = "<group>";
		};
		E29889DD21E86540001D8B69 /* Constants */ = {
			isa = PBXGroup;
			children = (
				E2E0A65321D6292A00D61741 /* ThemeColours.swift */,
				E2DE7EFD21DCCFB800ED7B37 /* AnimationConstants.swift */,
				E239350621E4B59100B3AD2D /* LayerDefaults.swift */,
			);
			path = Constants;
			sourceTree = "<group>";
		};
		E29889DE21E87131001D8B69 /* TimePicker */ = {
			isa = PBXGroup;
			children = (
				E29889DF21E8714F001D8B69 /* UITimePickerView.swift */,
				E28F935021EAEE9200FC87BC /* UITimeCollectionView.swift */,
				E28F935221EAEF6A00FC87BC /* UITimeCollectionViewCell.swift */,
			);
			path = TimePicker;
			sourceTree = "<group>";
		};
		E2DE7EFC21DCCC2600ED7B37 /* ColourPicker */ = {
			isa = PBXGroup;
			children = (
				E2FA559F21D634D600D2E1BD /* UIColourPicker.swift */,
				E2DE7EFA21DCCBDF00ED7B37 /* UIColourPickerDelegate.swift */,
				E2048F8821EF269B004A0E95 /* UIColourPickerButtonDelegate.swift */,
				E2048F8621EF22FB004A0E95 /* UIColourPickerButton.swift */,
			);
			path = ColourPicker;
			sourceTree = "<group>";
		};
		E2DE7EFF21DCDC9200ED7B37 /* About */ = {
			isa = PBXGroup;
			children = (
				E2DE7F0021DCDCA900ED7B37 /* AboutViewController.swift */,
			);
			path = About;
			sourceTree = "<group>";
		};
		E2F3677C217730AC00DAC0CE = {
			isa = PBXGroup;
			children = (
				E2F36787217730AC00DAC0CE /* progress */,
				E2F3679C217730AD00DAC0CE /* progressTests */,
				E2F367A7217730AD00DAC0CE /* progressUITests */,
				E2F36786217730AC00DAC0CE /* Products */,
			);
			sourceTree = "<group>";
		};
		E2F36786217730AC00DAC0CE /* Products */ = {
			isa = PBXGroup;
			children = (
				E2F36785217730AC00DAC0CE /* progress.app */,
				E2F36799217730AD00DAC0CE /* progressTests.xctest */,
				E2F367A4217730AD00DAC0CE /* progressUITests.xctest */,
			);
			name = Products;
			sourceTree = "<group>";
		};
		E2F36787217730AC00DAC0CE /* progress */ = {
			isa = PBXGroup;
			children = (
				E29889DD21E86540001D8B69 /* Constants */,
				E239350321E4B3F000B3AD2D /* Extensions */,
				E2760C1021DC2420001F0D79 /* Data */,
				E2760C0F21DC240A001F0D79 /* Storyboards */,
				E2760C0E21DC23DD001F0D79 /* Components */,
				E2760C0D21DC23D5001F0D79 /* Views */,
				E2F36788217730AC00DAC0CE /* AppDelegate.swift */,
				E2F3678F217730AD00DAC0CE /* Assets.xcassets */,
				E2F36794217730AD00DAC0CE /* Info.plist */,
				E2F0CE6C21D5DEF60033EA05 /* Credits */,
			);
			path = progress;
			sourceTree = "<group>";
		};
		E2F3679C217730AD00DAC0CE /* progressTests */ = {
			isa = PBXGroup;
			children = (
				E2F3679D217730AD00DAC0CE /* progressTests.swift */,
				E2F3679F217730AD00DAC0CE /* Info.plist */,
			);
			path = progressTests;
			sourceTree = "<group>";
		};
		E2F367A7217730AD00DAC0CE /* progressUITests */ = {
			isa = PBXGroup;
			children = (
				E2F367A8217730AD00DAC0CE /* progressUITests.swift */,
				E2F367AA217730AD00DAC0CE /* Info.plist */,
			);
			path = progressUITests;
			sourceTree = "<group>";
		};
/* End PBXGroup section */

/* Begin PBXNativeTarget section */
		E2F36784217730AC00DAC0CE /* progress */ = {
			isa = PBXNativeTarget;
			buildConfigurationList = E2F367AD217730AD00DAC0CE /* Build configuration list for PBXNativeTarget "progress" */;
			buildPhases = (
				E2F36781217730AC00DAC0CE /* Sources */,
				E2F36782217730AC00DAC0CE /* Frameworks */,
				E2F36783217730AC00DAC0CE /* Resources */,
			);
			buildRules = (
			);
			dependencies = (
			);
			name = progress;
			productName = progress;
			productReference = E2F36785217730AC00DAC0CE /* progress.app */;
			productType = "com.apple.product-type.application";
		};
		E2F36798217730AD00DAC0CE /* progressTests */ = {
			isa = PBXNativeTarget;
			buildConfigurationList = E2F367B0217730AD00DAC0CE /* Build configuration list for PBXNativeTarget "progressTests" */;
			buildPhases = (
				E2F36795217730AD00DAC0CE /* Sources */,
				E2F36796217730AD00DAC0CE /* Frameworks */,
				E2F36797217730AD00DAC0CE /* Resources */,
			);
			buildRules = (
			);
			dependencies = (
				E2F3679B217730AD00DAC0CE /* PBXTargetDependency */,
			);
			name = progressTests;
			productName = progressTests;
			productReference = E2F36799217730AD00DAC0CE /* progressTests.xctest */;
			productType = "com.apple.product-type.bundle.unit-test";
		};
		E2F367A3217730AD00DAC0CE /* progressUITests */ = {
			isa = PBXNativeTarget;
			buildConfigurationList = E2F367B3217730AD00DAC0CE /* Build configuration list for PBXNativeTarget "progressUITests" */;
			buildPhases = (
				E2F367A0217730AD00DAC0CE /* Sources */,
				E2F367A1217730AD00DAC0CE /* Frameworks */,
				E2F367A2217730AD00DAC0CE /* Resources */,
			);
			buildRules = (
			);
			dependencies = (
				E2F367A6217730AD00DAC0CE /* PBXTargetDependency */,
			);
			name = progressUITests;
			productName = progressUITests;
			productReference = E2F367A4217730AD00DAC0CE /* progressUITests.xctest */;
			productType = "com.apple.product-type.bundle.ui-testing";
		};
/* End PBXNativeTarget section */

/* Begin PBXProject section */
		E2F3677D217730AC00DAC0CE /* Project object */ = {
			isa = PBXProject;
			attributes = {
				LastSwiftUpdateCheck = 1000;
				LastUpgradeCheck = 1000;
				ORGANIZATIONNAME = "Thomas Northall-Little";
				TargetAttributes = {
					E2F36784217730AC00DAC0CE = {
						CreatedOnToolsVersion = 10.0;
					};
					E2F36798217730AD00DAC0CE = {
						CreatedOnToolsVersion = 10.0;
						TestTargetID = E2F36784217730AC00DAC0CE;
					};
					E2F367A3217730AD00DAC0CE = {
						CreatedOnToolsVersion = 10.0;
						TestTargetID = E2F36784217730AC00DAC0CE;
					};
				};
			};
			buildConfigurationList = E2F36780217730AC00DAC0CE /* Build configuration list for PBXProject "progress" */;
			compatibilityVersion = "Xcode 9.3";
			developmentRegion = en;
			hasScannedForEncodings = 0;
			knownRegions = (
				en,
				Base,
			);
			mainGroup = E2F3677C217730AC00DAC0CE;
			productRefGroup = E2F36786217730AC00DAC0CE /* Products */;
			projectDirPath = "";
			projectRoot = "";
			targets = (
				E2F36784217730AC00DAC0CE /* progress */,
				E2F36798217730AD00DAC0CE /* progressTests */,
				E2F367A3217730AD00DAC0CE /* progressUITests */,
			);
		};
/* End PBXProject section */

/* Begin PBXResourcesBuildPhase section */
		E2F36783217730AC00DAC0CE /* Resources */ = {
			isa = PBXResourcesBuildPhase;
			buildActionMask = 2147483647;
			files = (
				E2F36793217730AD00DAC0CE /* LaunchScreen.storyboard in Resources */,
				E2F0CE6D21D5DEF60033EA05 /* Credits in Resources */,
				E2F36790217730AD00DAC0CE /* Assets.xcassets in Resources */,
				E2F3678E217730AC00DAC0CE /* Main.storyboard in Resources */,
			);
			runOnlyForDeploymentPostprocessing = 0;
		};
		E2F36797217730AD00DAC0CE /* Resources */ = {
			isa = PBXResourcesBuildPhase;
			buildActionMask = 2147483647;
			files = (
			);
			runOnlyForDeploymentPostprocessing = 0;
		};
		E2F367A2217730AD00DAC0CE /* Resources */ = {
			isa = PBXResourcesBuildPhase;
			buildActionMask = 2147483647;
			files = (
			);
			runOnlyForDeploymentPostprocessing = 0;
		};
/* End PBXResourcesBuildPhase section */

/* Begin PBXSourcesBuildPhase section */
		E2F36781217730AC00DAC0CE /* Sources */ = {
			isa = PBXSourcesBuildPhase;
			buildActionMask = 2147483647;
			files = (
				E2158D0F21EDCD61008F23DE /* WeekdayData.swift in Sources */,
				E28F935721EAF2B700FC87BC /* UIDayPicker.swift in Sources */,
				E2DE7EFE21DCCFB800ED7B37 /* AnimationConstants.swift in Sources */,
				E2158D0D21EDCD21008F23DE /* UIWeekdayButton.swift in Sources */,
				E2FA55A021D634D600D2E1BD /* UIColourPicker.swift in Sources */,
				E28F935121EAEE9200FC87BC /* UITimeCollectionView.swift in Sources */,
				E239350921E4B9C700B3AD2D /* TextButton.swift in Sources */,
				E29889E021E8714F001D8B69 /* UITimePickerView.swift in Sources */,
				E2DE7F0121DCDCA900ED7B37 /* AboutViewController.swift in Sources */,
				E28F935521EAF28D00FC87BC /* UIDayPickerDelegate.swift in Sources */,
				E239350721E4B59100B3AD2D /* LayerDefaults.swift in Sources */,
				E239350221E4A59400B3AD2D /* DefaultOverContextModal.swift in Sources */,
				E20F0AC221A4B9BF00869B37 /* GoalData.swift in Sources */,
				E2D667BF21D861DA007CF73F /* TextEntryField.swift in Sources */,
				E2E0A65421D6292A00D61741 /* ThemeColours.swift in Sources */,
				E2048F8921EF269B004A0E95 /* UIColourPickerButtonDelegate.swift in Sources */,
				E274C52421DE2008007AB9D3 /* GoalViewDatePickerViewController.swift in Sources */,
				E2F3678B217730AC00DAC0CE /* GoalViewController.swift in Sources */,
				E2F36789217730AC00DAC0CE /* AppDelegate.swift in Sources */,
				E2DE7F0321DCDCDD00ED7B37 /* DefaultModalViewController.swift in Sources */,
				E28F935321EAEF6A00FC87BC /* UITimeCollectionViewCell.swift in Sources */,
				E2158D1221EE91E4008F23DE /* UIWeekdayButtonDelegate.swift in Sources */,
				E2B503A021CE3E6A002DE8D4 /* MainViewController.swift in Sources */,
				E20F0AC421A4C3D100869B37 /* MainTableViewCell.swift in Sources */,
				E2048F8721EF22FB004A0E95 /* UIColourPickerButton.swift in Sources */,
				E2DE7EFB21DCCBDF00ED7B37 /* UIColourPickerDelegate.swift in Sources */,
				E239350521E4B42E00B3AD2D /* UIViewRoundedBorder.swift in Sources */,
			);
			runOnlyForDeploymentPostprocessing = 0;
		};
		E2F36795217730AD00DAC0CE /* Sources */ = {
			isa = PBXSourcesBuildPhase;
			buildActionMask = 2147483647;
			files = (
				E2F3679E217730AD00DAC0CE /* progressTests.swift in Sources */,
			);
			runOnlyForDeploymentPostprocessing = 0;
		};
		E2F367A0217730AD00DAC0CE /* Sources */ = {
			isa = PBXSourcesBuildPhase;
			buildActionMask = 2147483647;
			files = (
				E2F367A9217730AD00DAC0CE /* progressUITests.swift in Sources */,
			);
			runOnlyForDeploymentPostprocessing = 0;
		};
/* End PBXSourcesBuildPhase section */

/* Begin PBXTargetDependency section */
		E2F3679B217730AD00DAC0CE /* PBXTargetDependency */ = {
			isa = PBXTargetDependency;
			target = E2F36784217730AC00DAC0CE /* progress */;
			targetProxy = E2F3679A217730AD00DAC0CE /* PBXContainerItemProxy */;
		};
		E2F367A6217730AD00DAC0CE /* PBXTargetDependency */ = {
			isa = PBXTargetDependency;
			target = E2F36784217730AC00DAC0CE /* progress */;
			targetProxy = E2F367A5217730AD00DAC0CE /* PBXContainerItemProxy */;
		};
/* End PBXTargetDependency section */

/* Begin PBXVariantGroup section */
		E2F3678C217730AC00DAC0CE /* Main.storyboard */ = {
			isa = PBXVariantGroup;
			children = (
				E2F3678D217730AC00DAC0CE /* Base */,
			);
			name = Main.storyboard;
			sourceTree = "<group>";
		};
		E2F36791217730AD00DAC0CE /* LaunchScreen.storyboard */ = {
			isa = PBXVariantGroup;
			children = (
				E2F36792217730AD00DAC0CE /* Base */,
			);
			name = LaunchScreen.storyboard;
			sourceTree = "<group>";
		};
/* End PBXVariantGroup section */

/* Begin XCBuildConfiguration section */
		E2F367AB217730AD00DAC0CE /* Debug */ = {
			isa = XCBuildConfiguration;
			buildSettings = {
				ALWAYS_SEARCH_USER_PATHS = NO;
				CLANG_ANALYZER_NONNULL = YES;
				CLANG_ANALYZER_NUMBER_OBJECT_CONVERSION = YES_AGGRESSIVE;
				CLANG_CXX_LANGUAGE_STANDARD = "gnu++14";
				CLANG_CXX_LIBRARY = "libc++";
				CLANG_ENABLE_MODULES = YES;
				CLANG_ENABLE_OBJC_ARC = YES;
				CLANG_ENABLE_OBJC_WEAK = YES;
				CLANG_WARN_BLOCK_CAPTURE_AUTORELEASING = YES;
				CLANG_WARN_BOOL_CONVERSION = YES;
				CLANG_WARN_COMMA = YES;
				CLANG_WARN_CONSTANT_CONVERSION = YES;
				CLANG_WARN_DEPRECATED_OBJC_IMPLEMENTATIONS = YES;
				CLANG_WARN_DIRECT_OBJC_ISA_USAGE = YES_ERROR;
				CLANG_WARN_DOCUMENTATION_COMMENTS = YES;
				CLANG_WARN_EMPTY_BODY = YES;
				CLANG_WARN_ENUM_CONVERSION = YES;
				CLANG_WARN_INFINITE_RECURSION = YES;
				CLANG_WARN_INT_CONVERSION = YES;
				CLANG_WARN_NON_LITERAL_NULL_CONVERSION = YES;
				CLANG_WARN_OBJC_IMPLICIT_RETAIN_SELF = YES;
				CLANG_WARN_OBJC_LITERAL_CONVERSION = YES;
				CLANG_WARN_OBJC_ROOT_CLASS = YES_ERROR;
				CLANG_WARN_RANGE_LOOP_ANALYSIS = YES;
				CLANG_WARN_STRICT_PROTOTYPES = YES;
				CLANG_WARN_SUSPICIOUS_MOVE = YES;
				CLANG_WARN_UNGUARDED_AVAILABILITY = YES_AGGRESSIVE;
				CLANG_WARN_UNREACHABLE_CODE = YES;
				CLANG_WARN__DUPLICATE_METHOD_MATCH = YES;
				CODE_SIGN_IDENTITY = "iPhone Developer";
				COPY_PHASE_STRIP = NO;
				DEBUG_INFORMATION_FORMAT = dwarf;
				ENABLE_STRICT_OBJC_MSGSEND = YES;
				ENABLE_TESTABILITY = YES;
				GCC_C_LANGUAGE_STANDARD = gnu11;
				GCC_DYNAMIC_NO_PIC = NO;
				GCC_NO_COMMON_BLOCKS = YES;
				GCC_OPTIMIZATION_LEVEL = 0;
				GCC_PREPROCESSOR_DEFINITIONS = (
					"DEBUG=1",
					"$(inherited)",
				);
				GCC_WARN_64_TO_32_BIT_CONVERSION = YES;
				GCC_WARN_ABOUT_RETURN_TYPE = YES_ERROR;
				GCC_WARN_UNDECLARED_SELECTOR = YES;
				GCC_WARN_UNINITIALIZED_AUTOS = YES_AGGRESSIVE;
				GCC_WARN_UNUSED_FUNCTION = YES;
				GCC_WARN_UNUSED_VARIABLE = YES;
				IPHONEOS_DEPLOYMENT_TARGET = 12.0;
				MTL_ENABLE_DEBUG_INFO = INCLUDE_SOURCE;
				MTL_FAST_MATH = YES;
				ONLY_ACTIVE_ARCH = YES;
				SDKROOT = iphoneos;
				SWIFT_ACTIVE_COMPILATION_CONDITIONS = DEBUG;
				SWIFT_OPTIMIZATION_LEVEL = "-Onone";
			};
			name = Debug;
		};
		E2F367AC217730AD00DAC0CE /* Release */ = {
			isa = XCBuildConfiguration;
			buildSettings = {
				ALWAYS_SEARCH_USER_PATHS = NO;
				CLANG_ANALYZER_NONNULL = YES;
				CLANG_ANALYZER_NUMBER_OBJECT_CONVERSION = YES_AGGRESSIVE;
				CLANG_CXX_LANGUAGE_STANDARD = "gnu++14";
				CLANG_CXX_LIBRARY = "libc++";
				CLANG_ENABLE_MODULES = YES;
				CLANG_ENABLE_OBJC_ARC = YES;
				CLANG_ENABLE_OBJC_WEAK = YES;
				CLANG_WARN_BLOCK_CAPTURE_AUTORELEASING = YES;
				CLANG_WARN_BOOL_CONVERSION = YES;
				CLANG_WARN_COMMA = YES;
				CLANG_WARN_CONSTANT_CONVERSION = YES;
				CLANG_WARN_DEPRECATED_OBJC_IMPLEMENTATIONS = YES;
				CLANG_WARN_DIRECT_OBJC_ISA_USAGE = YES_ERROR;
				CLANG_WARN_DOCUMENTATION_COMMENTS = YES;
				CLANG_WARN_EMPTY_BODY = YES;
				CLANG_WARN_ENUM_CONVERSION = YES;
				CLANG_WARN_INFINITE_RECURSION = YES;
				CLANG_WARN_INT_CONVERSION = YES;
				CLANG_WARN_NON_LITERAL_NULL_CONVERSION = YES;
				CLANG_WARN_OBJC_IMPLICIT_RETAIN_SELF = YES;
				CLANG_WARN_OBJC_LITERAL_CONVERSION = YES;
				CLANG_WARN_OBJC_ROOT_CLASS = YES_ERROR;
				CLANG_WARN_RANGE_LOOP_ANALYSIS = YES;
				CLANG_WARN_STRICT_PROTOTYPES = YES;
				CLANG_WARN_SUSPICIOUS_MOVE = YES;
				CLANG_WARN_UNGUARDED_AVAILABILITY = YES_AGGRESSIVE;
				CLANG_WARN_UNREACHABLE_CODE = YES;
				CLANG_WARN__DUPLICATE_METHOD_MATCH = YES;
				CODE_SIGN_IDENTITY = "iPhone Developer";
				COPY_PHASE_STRIP = NO;
				DEBUG_INFORMATION_FORMAT = "dwarf-with-dsym";
				ENABLE_NS_ASSERTIONS = NO;
				ENABLE_STRICT_OBJC_MSGSEND = YES;
				GCC_C_LANGUAGE_STANDARD = gnu11;
				GCC_NO_COMMON_BLOCKS = YES;
				GCC_WARN_64_TO_32_BIT_CONVERSION = YES;
				GCC_WARN_ABOUT_RETURN_TYPE = YES_ERROR;
				GCC_WARN_UNDECLARED_SELECTOR = YES;
				GCC_WARN_UNINITIALIZED_AUTOS = YES_AGGRESSIVE;
				GCC_WARN_UNUSED_FUNCTION = YES;
				GCC_WARN_UNUSED_VARIABLE = YES;
				IPHONEOS_DEPLOYMENT_TARGET = 12.0;
				MTL_ENABLE_DEBUG_INFO = NO;
				MTL_FAST_MATH = YES;
				SDKROOT = iphoneos;
				SWIFT_COMPILATION_MODE = wholemodule;
				SWIFT_OPTIMIZATION_LEVEL = "-O";
				VALIDATE_PRODUCT = YES;
			};
			name = Release;
		};
		E2F367AE217730AD00DAC0CE /* Debug */ = {
			isa = XCBuildConfiguration;
			buildSettings = {
				ASSETCATALOG_COMPILER_APPICON_NAME = AppIcon;
				CODE_SIGN_STYLE = Automatic;
				DEVELOPMENT_TEAM = 68656D46CR;
				INFOPLIST_FILE = progress/Info.plist;
				LD_RUNPATH_SEARCH_PATHS = (
					"$(inherited)",
					"@executable_path/Frameworks",
				);
				PRODUCT_BUNDLE_IDENTIFIER = com.tomnlittle.progress;
				PRODUCT_NAME = "$(TARGET_NAME)";
				SWIFT_VERSION = 4.2;
				TARGETED_DEVICE_FAMILY = "1,2";
			};
			name = Debug;
		};
		E2F367AF217730AD00DAC0CE /* Release */ = {
			isa = XCBuildConfiguration;
			buildSettings = {
				ASSETCATALOG_COMPILER_APPICON_NAME = AppIcon;
				CODE_SIGN_STYLE = Automatic;
				DEVELOPMENT_TEAM = 68656D46CR;
				INFOPLIST_FILE = progress/Info.plist;
				LD_RUNPATH_SEARCH_PATHS = (
					"$(inherited)",
					"@executable_path/Frameworks",
				);
				PRODUCT_BUNDLE_IDENTIFIER = com.tomnlittle.progress;
				PRODUCT_NAME = "$(TARGET_NAME)";
				SWIFT_VERSION = 4.2;
				TARGETED_DEVICE_FAMILY = "1,2";
			};
			name = Release;
		};
		E2F367B1217730AD00DAC0CE /* Debug */ = {
			isa = XCBuildConfiguration;
			buildSettings = {
				ALWAYS_EMBED_SWIFT_STANDARD_LIBRARIES = YES;
				BUNDLE_LOADER = "$(TEST_HOST)";
				CODE_SIGN_STYLE = Automatic;
				DEVELOPMENT_TEAM = 68656D46CR;
				INFOPLIST_FILE = progressTests/Info.plist;
				LD_RUNPATH_SEARCH_PATHS = (
					"$(inherited)",
					"@executable_path/Frameworks",
					"@loader_path/Frameworks",
				);
				PRODUCT_BUNDLE_IDENTIFIER = com.tomnlittle.progressTests;
				PRODUCT_NAME = "$(TARGET_NAME)";
				SWIFT_VERSION = 4.2;
				TARGETED_DEVICE_FAMILY = "1,2";
				TEST_HOST = "$(BUILT_PRODUCTS_DIR)/progress.app/progress";
			};
			name = Debug;
		};
		E2F367B2217730AD00DAC0CE /* Release */ = {
			isa = XCBuildConfiguration;
			buildSettings = {
				ALWAYS_EMBED_SWIFT_STANDARD_LIBRARIES = YES;
				BUNDLE_LOADER = "$(TEST_HOST)";
				CODE_SIGN_STYLE = Automatic;
				DEVELOPMENT_TEAM = 68656D46CR;
				INFOPLIST_FILE = progressTests/Info.plist;
				LD_RUNPATH_SEARCH_PATHS = (
					"$(inherited)",
					"@executable_path/Frameworks",
					"@loader_path/Frameworks",
				);
				PRODUCT_BUNDLE_IDENTIFIER = com.tomnlittle.progressTests;
				PRODUCT_NAME = "$(TARGET_NAME)";
				SWIFT_VERSION = 4.2;
				TARGETED_DEVICE_FAMILY = "1,2";
				TEST_HOST = "$(BUILT_PRODUCTS_DIR)/progress.app/progress";
			};
			name = Release;
		};
		E2F367B4217730AD00DAC0CE /* Debug */ = {
			isa = XCBuildConfiguration;
			buildSettings = {
				ALWAYS_EMBED_SWIFT_STANDARD_LIBRARIES = YES;
				CODE_SIGN_STYLE = Automatic;
				DEVELOPMENT_TEAM = 68656D46CR;
				INFOPLIST_FILE = progressUITests/Info.plist;
				LD_RUNPATH_SEARCH_PATHS = (
					"$(inherited)",
					"@executable_path/Frameworks",
					"@loader_path/Frameworks",
				);
				PRODUCT_BUNDLE_IDENTIFIER = com.tomnlittle.progressUITests;
				PRODUCT_NAME = "$(TARGET_NAME)";
				SWIFT_VERSION = 4.2;
				TARGETED_DEVICE_FAMILY = "1,2";
				TEST_TARGET_NAME = progress;
			};
			name = Debug;
		};
		E2F367B5217730AD00DAC0CE /* Release */ = {
			isa = XCBuildConfiguration;
			buildSettings = {
				ALWAYS_EMBED_SWIFT_STANDARD_LIBRARIES = YES;
				CODE_SIGN_STYLE = Automatic;
				DEVELOPMENT_TEAM = 68656D46CR;
				INFOPLIST_FILE = progressUITests/Info.plist;
				LD_RUNPATH_SEARCH_PATHS = (
					"$(inherited)",
					"@executable_path/Frameworks",
					"@loader_path/Frameworks",
				);
				PRODUCT_BUNDLE_IDENTIFIER = com.tomnlittle.progressUITests;
				PRODUCT_NAME = "$(TARGET_NAME)";
				SWIFT_VERSION = 4.2;
				TARGETED_DEVICE_FAMILY = "1,2";
				TEST_TARGET_NAME = progress;
			};
			name = Release;
		};
/* End XCBuildConfiguration section */

/* Begin XCConfigurationList section */
		E2F36780217730AC00DAC0CE /* Build configuration list for PBXProject "progress" */ = {
			isa = XCConfigurationList;
			buildConfigurations = (
				E2F367AB217730AD00DAC0CE /* Debug */,
				E2F367AC217730AD00DAC0CE /* Release */,
			);
			defaultConfigurationIsVisible = 0;
			defaultConfigurationName = Release;
		};
		E2F367AD217730AD00DAC0CE /* Build configuration list for PBXNativeTarget "progress" */ = {
			isa = XCConfigurationList;
			buildConfigurations = (
				E2F367AE217730AD00DAC0CE /* Debug */,
				E2F367AF217730AD00DAC0CE /* Release */,
			);
			defaultConfigurationIsVisible = 0;
			defaultConfigurationName = Release;
		};
		E2F367B0217730AD00DAC0CE /* Build configuration list for PBXNativeTarget "progressTests" */ = {
			isa = XCConfigurationList;
			buildConfigurations = (
				E2F367B1217730AD00DAC0CE /* Debug */,
				E2F367B2217730AD00DAC0CE /* Release */,
			);
			defaultConfigurationIsVisible = 0;
			defaultConfigurationName = Release;
		};
		E2F367B3217730AD00DAC0CE /* Build configuration list for PBXNativeTarget "progressUITests" */ = {
			isa = XCConfigurationList;
			buildConfigurations = (
				E2F367B4217730AD00DAC0CE /* Debug */,
				E2F367B5217730AD00DAC0CE /* Release */,
			);
			defaultConfigurationIsVisible = 0;
			defaultConfigurationName = Release;
		};
/* End XCConfigurationList section */
	};
	rootObject = E2F3677D217730AC00DAC0CE /* Project object */;
}
